
Microsoft Visual Studio Solution File, Format Version 12.00
# Visual Studio Version 17
VisualStudioVersion = 17.14.36623.8 d17.14
MinimumVisualStudioVersion = 10.0.40219.1
Project("{888888A0-9F3D-457C-B088-3A5042F75D52}") = "FastAPIAdventureInAI", "FastAPIAdventureInAI\FastAPIAdventureInAI.pyproj", "{DC346A50-CA0A-4E2A-9921-B2BA86903714}"
EndProject
Global
	GlobalSection(SolutionConfigurationPlatforms) = preSolution
		Debug|Any CPU = Debug|Any CPU
		Release|Any CPU = Release|Any CPU
	EndGlobalSection
	GlobalSection(ProjectConfigurationPlatforms) = postSolution
		{DC346A50-CA0A-4E2A-9921-B2BA86903714}.Debug|Any CPU.ActiveCfg = Debug|Any CPU
		{DC346A50-CA0A-4E2A-9921-B2BA86903714}.Release|Any CPU.ActiveCfg = Release|Any CPU
	EndGlobalSection
	GlobalSection(SolutionProperties) = preSolution
		HideSolutionNode = FALSE
	EndGlobalSection
	GlobalSection(ExtensibilityGlobals) = postSolution
		SolutionGuid = {77582719-F351-4F58-BF66-AA47279C29BE}
	EndGlobalSection
EndGlobal
